
Microsoft Visual Studio Solution File, Format Version 12.00
# Visual Studio Version 17
VisualStudioVersion = 17.11.35327.3
MinimumVisualStudioVersion = 10.0.40219.1
Project("{9A19103F-16F7-4668-BE54-9A1E7A4F7556}") = "DbApp", "DbApp\DbApp.csproj", "{21DADD2A-8E1B-4509-AA50-14DB892D078E}"
EndProject
Project("{9A19103F-16F7-4668-BE54-9A1E7A4F7556}") = "DataLayer", "DataLayer\DataLayer.csproj", "{6A408F7A-BC19-4F60-B6C4-2C8BA903DBA0}"
EndProject
Project("{9A19103F-16F7-4668-BE54-9A1E7A4F7556}") = "Assignment4.Tests", "Assignment4.Tests\Assignment4.Tests.csproj", "{BC8528AE-5795-475F-A131-0F4E1C3294AB}"
EndProject
Global
	GlobalSection(SolutionConfigurationPlatforms) = preSolution
		Debug|Any CPU = Debug|Any CPU
		Release|Any CPU = Release|Any CPU
	EndGlobalSection
	GlobalSection(ProjectConfigurationPlatforms) = postSolution
		{21DADD2A-8E1B-4509-AA50-14DB892D078E}.Debug|Any CPU.ActiveCfg = Debug|Any CPU
		{21DADD2A-8E1B-4509-AA50-14DB892D078E}.Debug|Any CPU.Build.0 = Debug|Any CPU
		{21DADD2A-8E1B-4509-AA50-14DB892D078E}.Release|Any CPU.ActiveCfg = Release|Any CPU
		{21DADD2A-8E1B-4509-AA50-14DB892D078E}.Release|Any CPU.Build.0 = Release|Any CPU
		{6A408F7A-BC19-4F60-B6C4-2C8BA903DBA0}.Debug|Any CPU.ActiveCfg = Debug|Any CPU
		{6A408F7A-BC19-4F60-B6C4-2C8BA903DBA0}.Debug|Any CPU.Build.0 = Debug|Any CPU
		{6A408F7A-BC19-4F60-B6C4-2C8BA903DBA0}.Release|Any CPU.ActiveCfg = Release|Any CPU
		{6A408F7A-BC19-4F60-B6C4-2C8BA903DBA0}.Release|Any CPU.Build.0 = Release|Any CPU
		{BC8528AE-5795-475F-A131-0F4E1C3294AB}.Debug|Any CPU.ActiveCfg = Debug|Any CPU
		{BC8528AE-5795-475F-A131-0F4E1C3294AB}.Debug|Any CPU.Build.0 = Debug|Any CPU
		{BC8528AE-5795-475F-A131-0F4E1C3294AB}.Release|Any CPU.ActiveCfg = Release|Any CPU
		{BC8528AE-5795-475F-A131-0F4E1C3294AB}.Release|Any CPU.Build.0 = Release|Any CPU
	EndGlobalSection
	GlobalSection(SolutionProperties) = preSolution
		HideSolutionNode = FALSE
	EndGlobalSection
	GlobalSection(ExtensibilityGlobals) = postSolution
		SolutionGuid = {B096A7A4-5251-4D77-A4CA-73FCC99C6ED0}
	EndGlobalSection
EndGlobal
